
Microsoft Visual Studio Solution File, Format Version 12.00
# Visual Studio Version 17
VisualStudioVersion = 17.5.33516.290
MinimumVisualStudioVersion = 10.0.40219.1
Project("{FAE04EC0-301F-11D3-BF4B-00C04F79EFBC}") = "BDcomC", "BDcomC\BDcomC.csproj", "{30FC1367-7864-4054-BEDB-35B1A0FA0C19}"
EndProject
Global
	GlobalSection(SolutionConfigurationPlatforms) = preSolution
		Debug|Any CPU = Debug|Any CPU
		Release|Any CPU = Release|Any CPU
	EndGlobalSection
	GlobalSection(ProjectConfigurationPlatforms) = postSolution
		{30FC1367-7864-4054-BEDB-35B1A0FA0C19}.Debug|Any CPU.ActiveCfg = Debug|Any CPU
		{30FC1367-7864-4054-BEDB-35B1A0FA0C19}.Debug|Any CPU.Build.0 = Debug|Any CPU
		{30FC1367-7864-4054-BEDB-35B1A0FA0C19}.Release|Any CPU.ActiveCfg = Release|Any CPU
		{30FC1367-7864-4054-BEDB-35B1A0FA0C19}.Release|Any CPU.Build.0 = Release|Any CPU
	EndGlobalSection
	GlobalSection(SolutionProperties) = preSolution
		HideSolutionNode = FALSE
	EndGlobalSection
	GlobalSection(ExtensibilityGlobals) = postSolution
		SolutionGuid = {9AE50402-8896-4685-A8C0-36C7C95A54AE}
	EndGlobalSection
EndGlobal
